<?xml version="1.0" encoding="utf-8"?>
<Project ToolsVersion="4.0" xmlns="http://schemas.microsoft.com/developer/msbuild/2003">
  <ItemGroup>
    <Filter Include="源文件">
      <UniqueIdentifier>{4FC737F1-C7A5-4376-A066-2A32D752A2FF}</UniqueIdentifier>
      <Extensions>cpp;c;cc;cxx;def;odl;idl;hpj;bat;asm;asmx</Extensions>
    </Filter>
    <Filter Include="头文件">
      <UniqueIdentifier>{93995380-89BD-4b04-88EB-625FBE52EBFB}</UniqueIdentifier>
      <Extensions>h;hpp;hxx;hm;inl;inc;xsd</Extensions>
    </Filter>
    <Filter Include="资源文件">
      <UniqueIdentifier>{67DA6AB6-F800-4c08-8B7A-83BB121AAD01}</UniqueIdentifier>
      <Extensions>rc;ico;cur;bmp;dlg;rc2;rct;bin;rgs;gif;jpg;jpeg;jpe;resx;tiff;tif;png;wav;mfcribbon-ms</Extensions>
    </Filter>
  </ItemGroup>
  <ItemGroup>
    <Text Include="ReadMe.txt" />
  </ItemGroup>
  <ItemGroup>
    <ClInclude Include="SmartSharingDlg.h">
      <Filter>头文件</Filter>
    </ClInclude>
    <ClInclude Include="stdafx.h">
      <Filter>头文件</Filter>
    </ClInclude>
    <ClInclude Include="targetver.h">
      <Filter>头文件</Filter>
    </ClInclude>
    <ClInclude Include="Resource.h">
      <Filter>头文件</Filter>
    </ClInclude>
    <ClInclude Include="DDServerLib.h">
      <Filter>头文件</Filter>
    </ClInclude>
    <ClInclude Include="MyAsyncSocket.h">
      <Filter>头文件</Filter>
    </ClInclude>
    <ClInclude Include="SmartSharingApp.h">
      <Filter>头文件</Filter>
    </ClInclude>
    <ClInclude Include="ICSSettingDlg.h">
      <Filter>头文件</Filter>
    </ClInclude>
    <ClInclude Include="SendFileTipDlg.h">
      <Filter>头文件</Filter>
    </ClInclude>
    <ClInclude Include="StartSrvDlg.h">
      <Filter>头文件</Filter>
    </ClInclude>
    <ClInclude Include="LocalState.h">
      <Filter>头文件</Filter>
    </ClInclude>
    <ClInclude Include="SmartSharingDlg1.h">
      <Filter>头文件</Filter>
    </ClInclude>
    <ClInclude Include="CeBtnST.h">
      <Filter>头文件</Filter>
    </ClInclude>
    <ClInclude Include="md5_check.h">
      <Filter>头文件</Filter>
    </ClInclude>
    <ClInclude Include="MyDataAsyncSocket.h">
      <Filter>头文件</Filter>
    </ClInclude>
    <ClInclude Include="common.h">
      <Filter>头文件</Filter>
    </ClInclude>
    <ClInclude Include="CoAsyncSocket.h">
      <Filter>头文件</Filter>
    </ClInclude>
    <ClInclude Include="ServerDataAsyncSocket.h">
      <Filter>头文件</Filter>
    </ClInclude>
    <ClInclude Include="log.h">
      <Filter>头文件</Filter>
    </ClInclude>
  </ItemGroup>
  <ItemGroup>
    <ClCompile Include="SmartSharingDlg.cpp">
      <Filter>源文件</Filter>
    </ClCompile>
    <ClCompile Include="stdafx.cpp">
      <Filter>源文件</Filter>
    </ClCompile>
    <ClCompile Include="DDServerLib.cpp">
      <Filter>源文件</Filter>
    </ClCompile>
    <ClCompile Include="MyAsyncSocket.cpp">
      <Filter>源文件</Filter>
    </ClCompile>
    <ClCompile Include="SmartSharingApp.cpp">
      <Filter>源文件</Filter>
    </ClCompile>
    <ClCompile Include="ICSSettingDlg.cpp">
      <Filter>源文件</Filter>
    </ClCompile>
    <ClCompile Include="SendFileTipDlg.cpp">
      <Filter>源文件</Filter>
    </ClCompile>
    <ClCompile Include="StartSrvDlg.cpp">
      <Filter>源文件</Filter>
    </ClCompile>
    <ClCompile Include="LocalState.cpp">
      <Filter>源文件</Filter>
    </ClCompile>
    <ClCompile Include="SmartSharingDlg1.cpp">
      <Filter>源文件</Filter>
    </ClCompile>
    <ClCompile Include="CeBtnST.cpp">
      <Filter>源文件</Filter>
    </ClCompile>
    <ClCompile Include="md5_check.cpp">
      <Filter>源文件</Filter>
    </ClCompile>
    <ClCompile Include="MyDataAsyncSocket.cpp">
      <Filter>源文件</Filter>
    </ClCompile>
    <ClCompile Include="CoAsyncSocket.cpp">
      <Filter>源文件</Filter>
    </ClCompile>
    <ClCompile Include="ServerDataAsyncSocket.cpp">
      <Filter>源文件</Filter>
    </ClCompile>
    <ClCompile Include="log.cpp">
      <Filter>源文件</Filter>
    </ClCompile>
  </ItemGroup>
  <ItemGroup>
    <ResourceCompile Include="MFCApplication3.rc">
      <Filter>资源文件</Filter>
    </ResourceCompile>
  </ItemGroup>
  <ItemGroup>
    <None Include="res\MFCApplication3.rc2">
      <Filter>资源文件</Filter>
    </None>
  </ItemGroup>
  <ItemGroup>
    <Image Include="res\MFCApplication3.ico">
      <Filter>资源文件</Filter>
    </Image>
    <Image Include="res\icon1.ico">
      <Filter>资源文件</Filter>
    </Image>
    <Image Include="res\bitmap1.bmp">
      <Filter>资源文件</Filter>
    </Image>
    <Image Include="C:\Users\Administrator\Desktop\icon\main.bmp">
      <Filter>资源文件</Filter>
    </Image>
    <Image Include="C:\Users\Administrator\Desktop\icon\3-img2ico.net.ico">
      <Filter>资源文件</Filter>
    </Image>
    <Image Include="C:\Users\Administrator\Desktop\icon\5-img2ico.net.ico">
      <Filter>资源文件</Filter>
    </Image>
    <Image Include="C:\Users\Administrator\Desktop\icon\6-img2ico.net.ico">
      <Filter>资源文件</Filter>
    </Image>
    <Image Include="C:\Users\Administrator\Desktop\icon\7-img2ico.net.ico">
      <Filter>资源文件</Filter>
    </Image>
    <Image Include="C:\Users\Administrator\Desktop\icon\8-img2ico.net.ico">
      <Filter>资源文件</Filter>
    </Image>
    <Image Include="res\4-img2ico.net.ico">
      <Filter>资源文件</Filter>
    </Image>
    <Image Include="res\3-img2ico.net.ico">
      <Filter>资源文件</Filter>
    </Image>
    <Image Include="res\5-img2ico.net.ico">
      <Filter>资源文件</Filter>
    </Image>
    <Image Include="res\6-img2ico.net.ico">
      <Filter>资源文件</Filter>
    </Image>
    <Image Include="res\7-img2ico.net.ico">
      <Filter>资源文件</Filter>
    </Image>
    <Image Include="res\8-img2ico.net.ico">
      <Filter>资源文件</Filter>
    </Image>
    <Image Include="res\main.bmp">
      <Filter>资源文件</Filter>
    </Image>
    <Image Include="res\computer.ico">
      <Filter>资源文件</Filter>
    </Image>
    <Image Include="res\bitmap2.bmp">
      <Filter>资源文件</Filter>
    </Image>
    <Image Include="res\computer.bmp">
      <Filter>资源文件</Filter>
    </Image>
  </ItemGroup>
</Project>